
Microsoft Visual Studio Solution File, Format Version 12.00
# Visual Studio Version 17
VisualStudioVersion = 17.7.34024.191
MinimumVisualStudioVersion = 10.0.40219.1
Project("{FAE04EC0-301F-11D3-BF4B-00C04F79EFBC}") = "OptikBatikOrders", "OptikBatikOrders.csproj", "{34EA5EEF-C089-4E25-9E8C-04E770B0A02B}"
EndProject
Global
	GlobalSection(SolutionConfigurationPlatforms) = preSolution
		Debug|Any CPU = Debug|Any CPU
		Release|Any CPU = Release|Any CPU
	EndGlobalSection
	GlobalSection(ProjectConfigurationPlatforms) = postSolution
		{34EA5EEF-C089-4E25-9E8C-04E770B0A02B}.Debug|Any CPU.ActiveCfg = Debug|Any CPU
		{34EA5EEF-C089-4E25-9E8C-04E770B0A02B}.Debug|Any CPU.Build.0 = Debug|Any CPU
		{34EA5EEF-C089-4E25-9E8C-04E770B0A02B}.Release|Any CPU.ActiveCfg = Release|Any CPU
		{34EA5EEF-C089-4E25-9E8C-04E770B0A02B}.Release|Any CPU.Build.0 = Release|Any CPU
	EndGlobalSection
	GlobalSection(SolutionProperties) = preSolution
		HideSolutionNode = FALSE
	EndGlobalSection
	GlobalSection(ExtensibilityGlobals) = postSolution
		SolutionGuid = {477B5084-38F3-4F5B-9897-4A51D0FCE197}
	EndGlobalSection
EndGlobal
